<?xml version="1.0" encoding="UTF-8"?>
<!DOCTYPE plist PUBLIC "-//Apple//DTD PLIST 1.0//EN" "http://www.apple.com/DTDs/PropertyList-1.0.dtd">
<plist version="1.0">
<dict>
	<key>archiveVersion</key>
	<string>1</string>
	<key>classes</key>
	<dict/>
	<key>objectVersion</key>
	<string>46</string>
	<key>objects</key>
	<dict>
		<key>9B2FDAED1899F824007B9D3B</key>
		<dict>
			<key>children</key>
			<array>
				<string>9B2FDAFF1899F824007B9D3B</string>
				<string>9B2FDB1E1899F824007B9D3B</string>
				<string>9B2FDAF81899F824007B9D3B</string>
				<string>9B2FDAF71899F824007B9D3B</string>
			</array>
			<key>isa</key>
			<string>PBXGroup</string>
			<key>sourceTree</key>
			<string>&lt;group&gt;</string>
		</dict>
		<key>9B2FDAEE1899F824007B9D3B</key>
		<dict>
			<key>attributes</key>
			<dict>
				<key>CLASSPREFIX</key>
				<string>DNS</string>
				<key>LastUpgradeCheck</key>
				<string>0500</string>
				<key>ORGANIZATIONNAME</key>
				<string>Ellen Shapiro</string>
				<key>TargetAttributes</key>
				<dict>
					<key>9B2FDB161899F824007B9D3B</key>
					<dict>
						<key>TestTargetID</key>
						<string>9B2FDAF51899F824007B9D3B</string>
					</dict>
				</dict>
			</dict>
			<key>buildConfigurationList</key>
			<string>9B2FDAF11899F824007B9D3B</string>
			<key>compatibilityVersion</key>
			<string>Xcode 3.2</string>
			<key>developmentRegion</key>
			<string>English</string>
			<key>hasScannedForEncodings</key>
			<string>0</string>
			<key>isa</key>
			<string>PBXProject</string>
			<key>knownRegions</key>
			<array>
				<string>en</string>
				<string>Base</string>
			</array>
			<key>mainGroup</key>
			<string>9B2FDAED1899F824007B9D3B</string>
			<key>productRefGroup</key>
			<string>9B2FDAF71899F824007B9D3B</string>
			<key>projectDirPath</key>
			<string></string>
			<key>projectRoot</key>
			<string></string>
			<key>targets</key>
			<array>
				<string>9B2FDAF51899F824007B9D3B</string>
				<string>9B2FDB161899F824007B9D3B</string>
			</array>
		</dict>
		<key>9B2FDAF11899F824007B9D3B</key>
		<dict>
			<key>buildConfigurations</key>
			<array>
				<string>9B2FDB261899F824007B9D3B</string>
				<string>9B2FDB271899F824007B9D3B</string>
			</array>
			<key>defaultConfigurationIsVisible</key>
			<string>0</string>
			<key>defaultConfigurationName</key>
			<string>Release</string>
			<key>isa</key>
			<string>XCConfigurationList</string>
		</dict>
		<key>9B2FDAF21899F824007B9D3B</key>
		<dict>
			<key>buildActionMask</key>
			<string>2147483647</string>
			<key>files</key>
			<array>
				<string>9B2FDB101899F824007B9D3B</string>
				<string>9B2FDB0A1899F824007B9D3B</string>
				<string>9B2FDB061899F824007B9D3B</string>
				<string>9B2FDB311899FB3A007B9D3B</string>
			</array>
			<key>isa</key>
			<string>PBXSourcesBuildPhase</string>
			<key>runOnlyForDeploymentPostprocessing</key>
			<string>0</string>
		</dict>
		<key>9B2FDAF31899F824007B9D3B</key>
		<dict>
			<key>buildActionMask</key>
			<string>2147483647</string>
			<key>files</key>
			<array>
				<string>9B2FDAFC1899F824007B9D3B</string>
				<string>9B2FDAFE1899F824007B9D3B</string>
				<string>9B2FDAFA1899F824007B9D3B</string>
			</array>
			<key>isa</key>
			<string>PBXFrameworksBuildPhase</string>
			<key>runOnlyForDeploymentPostprocessing</key>
			<string>0</string>
		</dict>
		<key>9B2FDAF41899F824007B9D3B</key>
		<dict>
			<key>buildActionMask</key>
			<string>2147483647</string>
			<key>files</key>
			<array>
				<string>9B2FDB121899F824007B9D3B</string>
				<string>9B2FDB041899F824007B9D3B</string>
				<string>9B2FDB0D1899F824007B9D3B</string>
			</array>
			<key>isa</key>
			<string>PBXResourcesBuildPhase</string>
			<key>runOnlyForDeploymentPostprocessing</key>
			<string>0</string>
		</dict>
		<key>9B2FDAF51899F824007B9D3B</key>
		<dict>
			<key>buildConfigurationList</key>
			<string>9B2FDB281899F824007B9D3B</string>
			<key>buildPhases</key>
			<array>
				<string>9B2FDAF21899F824007B9D3B</string>
				<string>9B2FDAF31899F824007B9D3B</string>
				<string>9B2FDAF41899F824007B9D3B</string>
				<string>OBJCLEANCUSTOMRUNSCRIPTT</string>
			</array>
			<key>buildRules</key>
			<array/>
			<key>dependencies</key>
			<array/>
			<key>isa</key>
			<string>PBXNativeTarget</string>
			<key>name</key>
			<string>DNSInAppPurchaseManagerSample</string>
			<key>productName</key>
			<string>DNSInAppPurchaseManagerSample</string>
			<key>productReference</key>
			<string>9B2FDAF61899F824007B9D3B</string>
			<key>productType</key>
			<string>com.apple.product-type.application</string>
		</dict>
		<key>9B2FDAF61899F824007B9D3B</key>
		<dict>
			<key>explicitFileType</key>
			<string>wrapper.application</string>
			<key>includeInIndex</key>
			<string>0</string>
			<key>isa</key>
			<string>PBXFileReference</string>
			<key>path</key>
			<string>DNSInAppPurchaseManagerSample.app</string>
			<key>sourceTree</key>
			<string>BUILT_PRODUCTS_DIR</string>
		</dict>
		<key>9B2FDAF71899F824007B9D3B</key>
		<dict>
			<key>children</key>
			<array>
				<string>9B2FDAF61899F824007B9D3B</string>
				<string>9B2FDB171899F824007B9D3B</string>
			</array>
			<key>isa</key>
			<string>PBXGroup</string>
			<key>name</key>
			<string>Products</string>
			<key>sourceTree</key>
			<string>&lt;group&gt;</string>
		</dict>
		<key>9B2FDAF81899F824007B9D3B</key>
		<dict>
			<key>children</key>
			<array>
				<string>9B2FDAF91899F824007B9D3B</string>
				<string>9B2FDAFB1899F824007B9D3B</string>
				<string>9B2FDAFD1899F824007B9D3B</string>
				<string>9B2FDB181899F824007B9D3B</string>
			</array>
			<key>isa</key>
			<string>PBXGroup</string>
			<key>name</key>
			<string>Frameworks</string>
			<key>sourceTree</key>
			<string>&lt;group&gt;</string>
		</dict>
		<key>9B2FDAF91899F824007B9D3B</key>
		<dict>
			<key>isa</key>
			<string>PBXFileReference</string>
			<key>lastKnownFileType</key>
			<string>wrapper.framework</string>
			<key>name</key>
			<string>Foundation.framework</string>
			<key>path</key>
			<string>System/Library/Frameworks/Foundation.framework</string>
			<key>sourceTree</key>
			<string>SDKROOT</string>
		</dict>
		<key>9B2FDAFA1899F824007B9D3B</key>
		<dict>
			<key>fileRef</key>
			<string>9B2FDAF91899F824007B9D3B</string>
			<key>isa</key>
			<string>PBXBuildFile</string>
		</dict>
		<key>9B2FDAFB1899F824007B9D3B</key>
		<dict>
			<key>isa</key>
			<string>PBXFileReference</string>
			<key>lastKnownFileType</key>
			<string>wrapper.framework</string>
			<key>name</key>
			<string>CoreGraphics.framework</string>
			<key>path</key>
			<string>System/Library/Frameworks/CoreGraphics.framework</string>
			<key>sourceTree</key>
			<string>SDKROOT</string>
		</dict>
		<key>9B2FDAFC1899F824007B9D3B</key>
		<dict>
			<key>fileRef</key>
			<string>9B2FDAFB1899F824007B9D3B</string>
			<key>isa</key>
			<string>PBXBuildFile</string>
		</dict>
		<key>9B2FDAFD1899F824007B9D3B</key>
		<dict>
			<key>isa</key>
			<string>PBXFileReference</string>
			<key>lastKnownFileType</key>
			<string>wrapper.framework</string>
			<key>name</key>
			<string>UIKit.framework</string>
			<key>path</key>
			<string>System/Library/Frameworks/UIKit.framework</string>
			<key>sourceTree</key>
			<string>SDKROOT</string>
		</dict>
		<key>9B2FDAFE1899F824007B9D3B</key>
		<dict>
			<key>fileRef</key>
			<string>9B2FDAFD1899F824007B9D3B</string>
			<key>isa</key>
			<string>PBXBuildFile</string>
		</dict>
		<key>9B2FDAFF1899F824007B9D3B</key>
		<dict>
			<key>children</key>
			<array>
				<string>9B2FDB081899F824007B9D3B</string>
				<string>9B2FDB091899F824007B9D3B</string>
				<string>9B2FDB0B1899F824007B9D3B</string>
				<string>9B2FDB0E1899F824007B9D3B</string>
				<string>9B2FDB0F1899F824007B9D3B</string>
				<string>9B2FDB111899F824007B9D3B</string>
				<string>9B2FDB2E1899FB3A007B9D3B</string>
				<string>9B2FDB001899F824007B9D3B</string>
			</array>
			<key>isa</key>
			<string>PBXGroup</string>
			<key>path</key>
			<string>DNSInAppPurchaseManagerSample</string>
			<key>sourceTree</key>
			<string>&lt;group&gt;</string>
		</dict>
		<key>9B2FDB001899F824007B9D3B</key>
		<dict>
			<key>children</key>
			<array>
				<string>9B2FDB011899F824007B9D3B</string>
				<string>9B2FDB021899F824007B9D3B</string>
				<string>9B2FDB051899F824007B9D3B</string>
				<string>9B2FDB071899F824007B9D3B</string>
			</array>
			<key>isa</key>
			<string>PBXGroup</string>
			<key>name</key>
			<string>Supporting Files</string>
			<key>sourceTree</key>
			<string>&lt;group&gt;</string>
		</dict>
		<key>9B2FDB011899F824007B9D3B</key>
		<dict>
			<key>isa</key>
			<string>PBXFileReference</string>
			<key>lastKnownFileType</key>
			<string>text.plist.xml</string>
			<key>path</key>
			<string>DNSInAppPurchaseManagerSample-Info.plist</string>
			<key>sourceTree</key>
			<string>&lt;group&gt;</string>
		</dict>
		<key>9B2FDB021899F824007B9D3B</key>
		<dict>
			<key>children</key>
			<array>
				<string>9B2FDB031899F824007B9D3B</string>
			</array>
			<key>isa</key>
			<string>PBXVariantGroup</string>
			<key>name</key>
			<string>InfoPlist.strings</string>
			<key>sourceTree</key>
			<string>&lt;group&gt;</string>
		</dict>
		<key>9B2FDB031899F824007B9D3B</key>
		<dict>
			<key>isa</key>
			<string>PBXFileReference</string>
			<key>lastKnownFileType</key>
			<string>text.plist.strings</string>
			<key>name</key>
			<string>en</string>
			<key>path</key>
			<string>en.lproj/InfoPlist.strings</string>
			<key>sourceTree</key>
			<string>&lt;group&gt;</string>
		</dict>
		<key>9B2FDB041899F824007B9D3B</key>
		<dict>
			<key>fileRef</key>
			<string>9B2FDB021899F824007B9D3B</string>
			<key>isa</key>
			<string>PBXBuildFile</string>
		</dict>
		<key>9B2FDB051899F824007B9D3B</key>
		<dict>
			<key>isa</key>
			<string>PBXFileReference</string>
			<key>lastKnownFileType</key>
			<string>sourcecode.c.objc</string>
			<key>path</key>
			<string>main.m</string>
			<key>sourceTree</key>
			<string>&lt;group&gt;</string>
		</dict>
		<key>9B2FDB061899F824007B9D3B</key>
		<dict>
			<key>fileRef</key>
			<string>9B2FDB051899F824007B9D3B</string>
			<key>isa</key>
			<string>PBXBuildFile</string>
		</dict>
		<key>9B2FDB071899F824007B9D3B</key>
		<dict>
			<key>isa</key>
			<string>PBXFileReference</string>
			<key>lastKnownFileType</key>
			<string>sourcecode.c.h</string>
			<key>path</key>
			<string>DNSInAppPurchaseManagerSample-Prefix.pch</string>
			<key>sourceTree</key>
			<string>&lt;group&gt;</string>
		</dict>
		<key>9B2FDB081899F824007B9D3B</key>
		<dict>
			<key>isa</key>
			<string>PBXFileReference</string>
			<key>lastKnownFileType</key>
			<string>sourcecode.c.h</string>
			<key>path</key>
			<string>DNSAppDelegate.h</string>
			<key>sourceTree</key>
			<string>&lt;group&gt;</string>
		</dict>
		<key>9B2FDB091899F824007B9D3B</key>
		<dict>
			<key>isa</key>
			<string>PBXFileReference</string>
			<key>lastKnownFileType</key>
			<string>sourcecode.c.objc</string>
			<key>path</key>
			<string>DNSAppDelegate.m</string>
			<key>sourceTree</key>
			<string>&lt;group&gt;</string>
		</dict>
		<key>9B2FDB0A1899F824007B9D3B</key>
		<dict>
			<key>fileRef</key>
			<string>9B2FDB091899F824007B9D3B</string>
			<key>isa</key>
			<string>PBXBuildFile</string>
		</dict>
		<key>9B2FDB0B1899F824007B9D3B</key>
		<dict>
			<key>children</key>
			<array>
				<string>9B2FDB0C1899F824007B9D3B</string>
			</array>
			<key>isa</key>
			<string>PBXVariantGroup</string>
			<key>name</key>
			<string>Main.storyboard</string>
			<key>sourceTree</key>
			<string>&lt;group&gt;</string>
		</dict>
		<key>9B2FDB0C1899F824007B9D3B</key>
		<dict>
			<key>isa</key>
			<string>PBXFileReference</string>
			<key>lastKnownFileType</key>
			<string>file.storyboard</string>
			<key>name</key>
			<string>Base</string>
			<key>path</key>
			<string>Base.lproj/Main.storyboard</string>
			<key>sourceTree</key>
			<string>&lt;group&gt;</string>
		</dict>
		<key>9B2FDB0D1899F824007B9D3B</key>
		<dict>
			<key>fileRef</key>
			<string>9B2FDB0B1899F824007B9D3B</string>
			<key>isa</key>
			<string>PBXBuildFile</string>
		</dict>
		<key>9B2FDB0E1899F824007B9D3B</key>
		<dict>
			<key>isa</key>
			<string>PBXFileReference</string>
			<key>lastKnownFileType</key>
			<string>sourcecode.c.h</string>
			<key>path</key>
			<string>DNSViewController.h</string>
			<key>sourceTree</key>
			<string>&lt;group&gt;</string>
		</dict>
		<key>9B2FDB0F1899F824007B9D3B</key>
		<dict>
			<key>isa</key>
			<string>PBXFileReference</string>
			<key>lastKnownFileType</key>
			<string>sourcecode.c.objc</string>
			<key>path</key>
			<string>DNSViewController.m</string>
			<key>sourceTree</key>
			<string>&lt;group&gt;</string>
		</dict>
		<key>9B2FDB101899F824007B9D3B</key>
		<dict>
			<key>fileRef</key>
			<string>9B2FDB0F1899F824007B9D3B</string>
			<key>isa</key>
			<string>PBXBuildFile</string>
		</dict>
		<key>9B2FDB111899F824007B9D3B</key>
		<dict>
			<key>isa</key>
			<string>PBXFileReference</string>
			<key>lastKnownFileType</key>
			<string>folder.assetcatalog</string>
			<key>path</key>
			<string>Images.xcassets</string>
			<key>sourceTree</key>
			<string>&lt;group&gt;</string>
		</dict>
		<key>9B2FDB121899F824007B9D3B</key>
		<dict>
			<key>fileRef</key>
			<string>9B2FDB111899F824007B9D3B</string>
			<key>isa</key>
			<string>PBXBuildFile</string>
		</dict>
		<key>9B2FDB131899F824007B9D3B</key>
		<dict>
			<key>buildActionMask</key>
			<string>2147483647</string>
			<key>files</key>
			<array>
				<string>9B2FDB251899F824007B9D3B</string>
			</array>
			<key>isa</key>
			<string>PBXSourcesBuildPhase</string>
			<key>runOnlyForDeploymentPostprocessing</key>
			<string>0</string>
		</dict>
		<key>9B2FDB141899F824007B9D3B</key>
		<dict>
			<key>buildActionMask</key>
			<string>2147483647</string>
			<key>files</key>
			<array>
				<string>9B2FDB191899F824007B9D3B</string>
				<string>9B2FDB1B1899F824007B9D3B</string>
				<string>9B2FDB1A1899F824007B9D3B</string>
			</array>
			<key>isa</key>
			<string>PBXFrameworksBuildPhase</string>
			<key>runOnlyForDeploymentPostprocessing</key>
			<string>0</string>
		</dict>
		<key>9B2FDB151899F824007B9D3B</key>
		<dict>
			<key>buildActionMask</key>
			<string>2147483647</string>
			<key>files</key>
			<array>
				<string>9B2FDB231899F824007B9D3B</string>
			</array>
			<key>isa</key>
			<string>PBXResourcesBuildPhase</string>
			<key>runOnlyForDeploymentPostprocessing</key>
			<string>0</string>
		</dict>
		<key>9B2FDB161899F824007B9D3B</key>
		<dict>
			<key>buildConfigurationList</key>
			<string>9B2FDB2B1899F824007B9D3B</string>
			<key>buildPhases</key>
			<array>
				<string>9B2FDB131899F824007B9D3B</string>
				<string>9B2FDB141899F824007B9D3B</string>
				<string>9B2FDB151899F824007B9D3B</string>
			</array>
			<key>buildRules</key>
			<array/>
			<key>dependencies</key>
			<array>
				<string>9B2FDB1D1899F824007B9D3B</string>
			</array>
			<key>isa</key>
			<string>PBXNativeTarget</string>
			<key>name</key>
			<string>DNSInAppPurchaseManagerSampleTests</string>
			<key>productName</key>
			<string>DNSInAppPurchaseManagerSampleTests</string>
			<key>productReference</key>
			<string>9B2FDB171899F824007B9D3B</string>
			<key>productType</key>
			<string>com.apple.product-type.bundle.unit-test</string>
		</dict>
		<key>9B2FDB171899F824007B9D3B</key>
		<dict>
			<key>explicitFileType</key>
			<string>wrapper.cfbundle</string>
			<key>includeInIndex</key>
			<string>0</string>
			<key>isa</key>
			<string>PBXFileReference</string>
			<key>path</key>
			<string>DNSInAppPurchaseManagerSampleTests.xctest</string>
			<key>sourceTree</key>
			<string>BUILT_PRODUCTS_DIR</string>
		</dict>
		<key>9B2FDB181899F824007B9D3B</key>
		<dict>
			<key>isa</key>
			<string>PBXFileReference</string>
			<key>lastKnownFileType</key>
			<string>wrapper.framework</string>
			<key>name</key>
			<string>XCTest.framework</string>
			<key>path</key>
			<string>Library/Frameworks/XCTest.framework</string>
			<key>sourceTree</key>
			<string>DEVELOPER_DIR</string>
		</dict>
		<key>9B2FDB191899F824007B9D3B</key>
		<dict>
			<key>fileRef</key>
			<string>9B2FDB181899F824007B9D3B</string>
			<key>isa</key>
			<string>PBXBuildFile</string>
		</dict>
		<key>9B2FDB1A1899F824007B9D3B</key>
		<dict>
			<key>fileRef</key>
			<string>9B2FDAF91899F824007B9D3B</string>
			<key>isa</key>
			<string>PBXBuildFile</string>
		</dict>
		<key>9B2FDB1B1899F824007B9D3B</key>
		<dict>
			<key>fileRef</key>
			<string>9B2FDAFD1899F824007B9D3B</string>
			<key>isa</key>
			<string>PBXBuildFile</string>
		</dict>
		<key>9B2FDB1C1899F824007B9D3B</key>
		<dict>
			<key>containerPortal</key>
			<string>9B2FDAEE1899F824007B9D3B</string>
			<key>isa</key>
			<string>PBXContainerItemProxy</string>
			<key>proxyType</key>
			<string>1</string>
			<key>remoteGlobalIDString</key>
			<string>9B2FDAF51899F824007B9D3B</string>
			<key>remoteInfo</key>
			<string>DNSInAppPurchaseManagerSample</string>
		</dict>
		<key>9B2FDB1D1899F824007B9D3B</key>
		<dict>
			<key>isa</key>
			<string>PBXTargetDependency</string>
			<key>target</key>
			<string>9B2FDAF51899F824007B9D3B</string>
			<key>targetProxy</key>
			<string>9B2FDB1C1899F824007B9D3B</string>
		</dict>
		<key>9B2FDB1E1899F824007B9D3B</key>
		<dict>
			<key>children</key>
			<array>
				<string>9B2FDB241899F824007B9D3B</string>
				<string>9B2FDB1F1899F824007B9D3B</string>
			</array>
			<key>isa</key>
			<string>PBXGroup</string>
			<key>path</key>
			<string>DNSInAppPurchaseManagerSampleTests</string>
			<key>sourceTree</key>
			<string>&lt;group&gt;</string>
		</dict>
		<key>9B2FDB1F1899F824007B9D3B</key>
		<dict>
			<key>children</key>
			<array>
				<string>9B2FDB201899F824007B9D3B</string>
				<string>9B2FDB211899F824007B9D3B</string>
			</array>
			<key>isa</key>
			<string>PBXGroup</string>
			<key>name</key>
			<string>Supporting Files</string>
			<key>sourceTree</key>
			<string>&lt;group&gt;</string>
		</dict>
		<key>9B2FDB201899F824007B9D3B</key>
		<dict>
			<key>isa</key>
			<string>PBXFileReference</string>
			<key>lastKnownFileType</key>
			<string>text.plist.xml</string>
			<key>path</key>
			<string>DNSInAppPurchaseManagerSampleTests-Info.plist</string>
			<key>sourceTree</key>
			<string>&lt;group&gt;</string>
		</dict>
		<key>9B2FDB211899F824007B9D3B</key>
		<dict>
			<key>children</key>
			<array>
				<string>9B2FDB221899F824007B9D3B</string>
			</array>
			<key>isa</key>
			<string>PBXVariantGroup</string>
			<key>name</key>
			<string>InfoPlist.strings</string>
			<key>sourceTree</key>
			<string>&lt;group&gt;</string>
		</dict>
		<key>9B2FDB221899F824007B9D3B</key>
		<dict>
			<key>isa</key>
			<string>PBXFileReference</string>
			<key>lastKnownFileType</key>
			<string>text.plist.strings</string>
			<key>name</key>
			<string>en</string>
			<key>path</key>
			<string>en.lproj/InfoPlist.strings</string>
			<key>sourceTree</key>
			<string>&lt;group&gt;</string>
		</dict>
		<key>9B2FDB231899F824007B9D3B</key>
		<dict>
			<key>fileRef</key>
			<string>9B2FDB211899F824007B9D3B</string>
			<key>isa</key>
			<string>PBXBuildFile</string>
		</dict>
		<key>9B2FDB241899F824007B9D3B</key>
		<dict>
			<key>isa</key>
			<string>PBXFileReference</string>
			<key>lastKnownFileType</key>
			<string>sourcecode.c.objc</string>
			<key>path</key>
			<string>DNSInAppPurchaseManagerSampleTests.m</string>
			<key>sourceTree</key>
			<string>&lt;group&gt;</string>
		</dict>
		<key>9B2FDB251899F824007B9D3B</key>
		<dict>
			<key>fileRef</key>
			<string>9B2FDB241899F824007B9D3B</string>
			<key>isa</key>
			<string>PBXBuildFile</string>
		</dict>
		<key>9B2FDB261899F824007B9D3B</key>
		<dict>
			<key>buildSettings</key>
			<dict>
				<key>ALWAYS_SEARCH_USER_PATHS</key>
				<string>NO</string>
				<key>ARCHS</key>
				<string>$(ARCHS_STANDARD_INCLUDING_64_BIT)</string>
				<key>CLANG_CXX_LANGUAGE_STANDARD</key>
				<string>gnu++0x</string>
				<key>CLANG_CXX_LIBRARY</key>
				<string>libc++</string>
				<key>CLANG_ENABLE_MODULES</key>
				<string>YES</string>
				<key>CLANG_ENABLE_OBJC_ARC</key>
				<string>YES</string>
				<key>CLANG_WARN_BOOL_CONVERSION</key>
				<string>YES</string>
				<key>CLANG_WARN_CONSTANT_CONVERSION</key>
				<string>YES</string>
				<key>CLANG_WARN_DIRECT_OBJC_ISA_USAGE</key>
				<string>YES_ERROR</string>
				<key>CLANG_WARN_EMPTY_BODY</key>
				<string>YES</string>
				<key>CLANG_WARN_ENUM_CONVERSION</key>
				<string>YES</string>
				<key>CLANG_WARN_INT_CONVERSION</key>
				<string>YES</string>
				<key>CLANG_WARN_OBJC_ROOT_CLASS</key>
				<string>YES_ERROR</string>
				<key>CLANG_WARN__DUPLICATE_METHOD_MATCH</key>
				<string>YES</string>
				<key>CODE_SIGN_IDENTITY[sdk=iphoneos*]</key>
				<string>iPhone Developer</string>
				<key>COPY_PHASE_STRIP</key>
				<string>NO</string>
				<key>GCC_C_LANGUAGE_STANDARD</key>
				<string>gnu99</string>
				<key>GCC_DYNAMIC_NO_PIC</key>
				<string>NO</string>
				<key>GCC_OPTIMIZATION_LEVEL</key>
				<string>0</string>
				<key>GCC_PREPROCESSOR_DEFINITIONS</key>
				<array>
					<string>DEBUG=1</string>
					<string>$(inherited)</string>
				</array>
				<key>GCC_SYMBOLS_PRIVATE_EXTERN</key>
				<string>NO</string>
				<key>GCC_WARN_64_TO_32_BIT_CONVERSION</key>
				<string>YES</string>
				<key>GCC_WARN_ABOUT_RETURN_TYPE</key>
				<string>YES_ERROR</string>
				<key>GCC_WARN_UNDECLARED_SELECTOR</key>
				<string>YES</string>
				<key>GCC_WARN_UNINITIALIZED_AUTOS</key>
				<string>YES</string>
				<key>GCC_WARN_UNUSED_FUNCTION</key>
				<string>YES</string>
				<key>GCC_WARN_UNUSED_VARIABLE</key>
				<string>YES</string>
				<key>IPHONEOS_DEPLOYMENT_TARGET</key>
				<string>7.0</string>
				<key>ONLY_ACTIVE_ARCH</key>
				<string>YES</string>
				<key>SDKROOT</key>
				<string>iphoneos</string>
			</dict>
			<key>isa</key>
			<string>XCBuildConfiguration</string>
			<key>name</key>
			<string>Debug</string>
		</dict>
		<key>9B2FDB271899F824007B9D3B</key>
		<dict>
			<key>buildSettings</key>
			<dict>
				<key>ALWAYS_SEARCH_USER_PATHS</key>
				<string>NO</string>
				<key>ARCHS</key>
				<string>$(ARCHS_STANDARD_INCLUDING_64_BIT)</string>
				<key>CLANG_CXX_LANGUAGE_STANDARD</key>
				<string>gnu++0x</string>
				<key>CLANG_CXX_LIBRARY</key>
				<string>libc++</string>
				<key>CLANG_ENABLE_MODULES</key>
				<string>YES</string>
				<key>CLANG_ENABLE_OBJC_ARC</key>
				<string>YES</string>
				<key>CLANG_WARN_BOOL_CONVERSION</key>
				<string>YES</string>
				<key>CLANG_WARN_CONSTANT_CONVERSION</key>
				<string>YES</string>
				<key>CLANG_WARN_DIRECT_OBJC_ISA_USAGE</key>
				<string>YES_ERROR</string>
				<key>CLANG_WARN_EMPTY_BODY</key>
				<string>YES</string>
				<key>CLANG_WARN_ENUM_CONVERSION</key>
				<string>YES</string>
				<key>CLANG_WARN_INT_CONVERSION</key>
				<string>YES</string>
				<key>CLANG_WARN_OBJC_ROOT_CLASS</key>
				<string>YES_ERROR</string>
				<key>CLANG_WARN__DUPLICATE_METHOD_MATCH</key>
				<string>YES</string>
				<key>CODE_SIGN_IDENTITY[sdk=iphoneos*]</key>
				<string>iPhone Developer</string>
				<key>COPY_PHASE_STRIP</key>
				<string>YES</string>
				<key>ENABLE_NS_ASSERTIONS</key>
				<string>NO</string>
				<key>GCC_C_LANGUAGE_STANDARD</key>
				<string>gnu99</string>
				<key>GCC_WARN_64_TO_32_BIT_CONVERSION</key>
				<string>YES</string>
				<key>GCC_WARN_ABOUT_RETURN_TYPE</key>
				<string>YES_ERROR</string>
				<key>GCC_WARN_UNDECLARED_SELECTOR</key>
				<string>YES</string>
				<key>GCC_WARN_UNINITIALIZED_AUTOS</key>
				<string>YES</string>
				<key>GCC_WARN_UNUSED_FUNCTION</key>
				<string>YES</string>
				<key>GCC_WARN_UNUSED_VARIABLE</key>
				<string>YES</string>
				<key>IPHONEOS_DEPLOYMENT_TARGET</key>
				<string>7.0</string>
				<key>SDKROOT</key>
				<string>iphoneos</string>
				<key>VALIDATE_PRODUCT</key>
				<string>YES</string>
			</dict>
			<key>isa</key>
			<string>XCBuildConfiguration</string>
			<key>name</key>
			<string>Release</string>
		</dict>
		<key>9B2FDB281899F824007B9D3B</key>
		<dict>
			<key>buildConfigurations</key>
			<array>
				<string>9B2FDB291899F824007B9D3B</string>
				<string>9B2FDB2A1899F824007B9D3B</string>
			</array>
			<key>defaultConfigurationIsVisible</key>
			<string>0</string>
			<key>isa</key>
			<string>XCConfigurationList</string>
		</dict>
		<key>9B2FDB291899F824007B9D3B</key>
		<dict>
			<key>buildSettings</key>
			<dict>
				<key>ASSETCATALOG_COMPILER_APPICON_NAME</key>
				<string>AppIcon</string>
				<key>ASSETCATALOG_COMPILER_LAUNCHIMAGE_NAME</key>
				<string>LaunchImage</string>
				<key>GCC_PRECOMPILE_PREFIX_HEADER</key>
				<string>YES</string>
				<key>GCC_PREFIX_HEADER</key>
				<string>DNSInAppPurchaseManagerSample/DNSInAppPurchaseManagerSample-Prefix.pch</string>
				<key>INFOPLIST_FILE</key>
				<string>DNSInAppPurchaseManagerSample/DNSInAppPurchaseManagerSample-Info.plist</string>
				<key>PRODUCT_NAME</key>
				<string>$(TARGET_NAME)</string>
				<key>WRAPPER_EXTENSION</key>
				<string>app</string>
			</dict>
			<key>isa</key>
			<string>XCBuildConfiguration</string>
			<key>name</key>
			<string>Debug</string>
		</dict>
		<key>9B2FDB2A1899F824007B9D3B</key>
		<dict>
			<key>buildSettings</key>
			<dict>
				<key>ASSETCATALOG_COMPILER_APPICON_NAME</key>
				<string>AppIcon</string>
				<key>ASSETCATALOG_COMPILER_LAUNCHIMAGE_NAME</key>
				<string>LaunchImage</string>
				<key>GCC_PRECOMPILE_PREFIX_HEADER</key>
				<string>YES</string>
				<key>GCC_PREFIX_HEADER</key>
				<string>DNSInAppPurchaseManagerSample/DNSInAppPurchaseManagerSample-Prefix.pch</string>
				<key>INFOPLIST_FILE</key>
				<string>DNSInAppPurchaseManagerSample/DNSInAppPurchaseManagerSample-Info.plist</string>
				<key>PRODUCT_NAME</key>
				<string>$(TARGET_NAME)</string>
				<key>WRAPPER_EXTENSION</key>
				<string>app</string>
			</dict>
			<key>isa</key>
			<string>XCBuildConfiguration</string>
			<key>name</key>
			<string>Release</string>
		</dict>
		<key>9B2FDB2B1899F824007B9D3B</key>
		<dict>
			<key>buildConfigurations</key>
			<array>
				<string>9B2FDB2C1899F824007B9D3B</string>
				<string>9B2FDB2D1899F824007B9D3B</string>
			</array>
			<key>defaultConfigurationIsVisible</key>
			<string>0</string>
			<key>isa</key>
			<string>XCConfigurationList</string>
		</dict>
		<key>9B2FDB2C1899F824007B9D3B</key>
		<dict>
			<key>buildSettings</key>
			<dict>
				<key>ARCHS</key>
				<string>$(ARCHS_STANDARD_INCLUDING_64_BIT)</string>
				<key>BUNDLE_LOADER</key>
				<string>$(BUILT_PRODUCTS_DIR)/DNSInAppPurchaseManagerSample.app/DNSInAppPurchaseManagerSample</string>
				<key>FRAMEWORK_SEARCH_PATHS</key>
				<array>
					<string>$(SDKROOT)/Developer/Library/Frameworks</string>
					<string>$(inherited)</string>
					<string>$(DEVELOPER_FRAMEWORKS_DIR)</string>
				</array>
				<key>GCC_PRECOMPILE_PREFIX_HEADER</key>
				<string>YES</string>
				<key>GCC_PREFIX_HEADER</key>
				<string>DNSInAppPurchaseManagerSample/DNSInAppPurchaseManagerSample-Prefix.pch</string>
				<key>GCC_PREPROCESSOR_DEFINITIONS</key>
				<array>
					<string>DEBUG=1</string>
					<string>$(inherited)</string>
				</array>
				<key>INFOPLIST_FILE</key>
				<string>DNSInAppPurchaseManagerSampleTests/DNSInAppPurchaseManagerSampleTests-Info.plist</string>
				<key>PRODUCT_NAME</key>
				<string>$(TARGET_NAME)</string>
				<key>TEST_HOST</key>
				<string>$(BUNDLE_LOADER)</string>
				<key>WRAPPER_EXTENSION</key>
				<string>xctest</string>
			</dict>
			<key>isa</key>
			<string>XCBuildConfiguration</string>
			<key>name</key>
			<string>Debug</string>
		</dict>
		<key>9B2FDB2D1899F824007B9D3B</key>
		<dict>
			<key>buildSettings</key>
			<dict>
				<key>ARCHS</key>
				<string>$(ARCHS_STANDARD_INCLUDING_64_BIT)</string>
				<key>BUNDLE_LOADER</key>
				<string>$(BUILT_PRODUCTS_DIR)/DNSInAppPurchaseManagerSample.app/DNSInAppPurchaseManagerSample</string>
				<key>FRAMEWORK_SEARCH_PATHS</key>
				<array>
					<string>$(SDKROOT)/Developer/Library/Frameworks</string>
					<string>$(inherited)</string>
					<string>$(DEVELOPER_FRAMEWORKS_DIR)</string>
				</array>
				<key>GCC_PRECOMPILE_PREFIX_HEADER</key>
				<string>YES</string>
				<key>GCC_PREFIX_HEADER</key>
				<string>DNSInAppPurchaseManagerSample/DNSInAppPurchaseManagerSample-Prefix.pch</string>
				<key>INFOPLIST_FILE</key>
				<string>DNSInAppPurchaseManagerSampleTests/DNSInAppPurchaseManagerSampleTests-Info.plist</string>
				<key>PRODUCT_NAME</key>
				<string>$(TARGET_NAME)</string>
				<key>TEST_HOST</key>
				<string>$(BUNDLE_LOADER)</string>
				<key>WRAPPER_EXTENSION</key>
				<string>xctest</string>
			</dict>
			<key>isa</key>
			<string>XCBuildConfiguration</string>
			<key>name</key>
			<string>Release</string>
		</dict>
		<key>9B2FDB2E1899FB3A007B9D3B</key>
		<dict>
			<key>children</key>
			<array>
				<string>9B2FDB2F1899FB3A007B9D3B</string>
				<string>9B2FDB301899FB3A007B9D3B</string>
			</array>
			<key>isa</key>
			<string>PBXGroup</string>
			<key>path</key>
			<string>Library</string>
			<key>sourceTree</key>
			<string>SOURCE_ROOT</string>
		</dict>
		<key>9B2FDB2F1899FB3A007B9D3B</key>
		<dict>
			<key>fileEncoding</key>
			<string>4</string>
			<key>isa</key>
			<string>PBXFileReference</string>
			<key>lastKnownFileType</key>
			<string>sourcecode.c.h</string>
			<key>path</key>
			<string>DNSInAppPurchaseManager.h</string>
			<key>sourceTree</key>
			<string>&lt;group&gt;</string>
		</dict>
		<key>9B2FDB301899FB3A007B9D3B</key>
		<dict>
			<key>fileEncoding</key>
			<string>4</string>
			<key>isa</key>
			<string>PBXFileReference</string>
			<key>lastKnownFileType</key>
			<string>sourcecode.c.objc</string>
			<key>path</key>
			<string>DNSInAppPurchaseManager.m</string>
			<key>sourceTree</key>
			<string>&lt;group&gt;</string>
		</dict>
		<key>9B2FDB311899FB3A007B9D3B</key>
		<dict>
			<key>fileRef</key>
			<string>9B2FDB301899FB3A007B9D3B</string>
			<key>isa</key>
			<string>PBXBuildFile</string>
		</dict>
		<key>OBJCLEANCUSTOMRUNSCRIPTT</key>
		<dict>
			<key>buildActionMask</key>
			<integer>2147483647</integer>
			<key>files</key>
			<array/>
			<key>inputPaths</key>
			<array/>
			<key>isa</key>
			<string>PBXShellScriptBuildPhase</string>
			<key>name</key>
			<string>Objective-Clean Run Script</string>
			<key>outputPaths</key>
			<array/>
			<key>runOnlyForDeploymentPostprocessing</key>
			<integer>0</integer>
			<key>shellPath</key>
			<string>/bin/bash</string>
			<key>shellScript</key>
			<string>if [[ -z ${SKIP_OBJCLEAN} || ${SKIP_OBJCLEAN} != 1 ]]; then
if [[ -d "${LOCAL_APPS_DIR}/Objective-Clean.app" ]]; then 
"${LOCAL_APPS_DIR}"/Objective-Clean.app/Contents/Resources/ObjClean.app/Contents/MacOS/ObjClean "${SRCROOT}" 
else
echo "warning: You have to install and set up Objective-Clean to use its features!" 
fi
fi</string>
		</dict>
	</dict>
	<key>rootObject</key>
	<string>9B2FDAEE1899F824007B9D3B</string>
</dict>
</plist>
